{
  "name": "front-basic",
  "lockfileVersion": 2,
  "requires": true,
  "packages": {
    "": {
      "dependencies": {
        "@squidit/css": "^1.1.7",
        "moment": "^2.29.1"
      }
    },
    "node_modules/@squidit/css": {
      "version": "1.1.7",
      "resolved": "https://registry.npmjs.org/@squidit/css/-/css-1.1.7.tgz",
      "integrity": "sha512-uQmgqoVBBLbbGjYUsb83M9B/BMJm3uUhw578c1yH8RuxWfD/f5rLmL+FBCJunWTeSDhGhXsfkN/7rQgNS3lCJw=="
    },
    "node_modules/moment": {
      "version": "2.29.1",
      "resolved": "https://registry.npmjs.org/moment/-/moment-2.29.1.tgz",
      "integrity": "sha512-kHmoybcPV8Sqy59DwNDY3Jefr64lK/by/da0ViFcuA4DH0vQg5Q6Ze5VimxkfQNSC+Mls/Kx53s7TjP1RhFEDQ==",
      "engines": {
        "node": "*"
      }
    }
  },
  "dependencies": {
    "@squidit/css": {
      "version": "1.1.7",
      "resolved": "https://registry.npmjs.org/@squidit/css/-/css-1.1.7.tgz",
      "integrity": "sha512-uQmgqoVBBLbbGjYUsb83M9B/BMJm3uUhw578c1yH8RuxWfD/f5rLmL+FBCJunWTeSDhGhXsfkN/7rQgNS3lCJw=="
    },
    "moment": {
      "version": "2.29.1",
      "resolved": "https://registry.npmjs.org/moment/-/moment-2.29.1.tgz",
      "integrity": "sha512-kHmoybcPV8Sqy59DwNDY3Jefr64lK/by/da0ViFcuA4DH0vQg5Q6Ze5VimxkfQNSC+Mls/Kx53s7TjP1RhFEDQ=="
    }
  }
}
